// !$*UTF8*$!
{
	archiveVersion = 1;
	classes = {
	};
	objectVersion = 77;
	objects = {

/* Begin PBXBuildFile section */
		00C59C805972FF162FD898E4 /* OrchestratorSessionHistoryView.swift in Sources */ = {isa = PBXBuildFile; fileRef = 900F43CFDA48942DB97C02DC /* OrchestratorSessionHistoryView.swift */; };
		0AE7498ED86D53DC777F3A2A /* FeedbackService.swift in Sources */ = {isa = PBXBuildFile; fileRef = 0C0FE8065B0084985ABF09B7 /* FeedbackService.swift */; };
		0CE8C2D5216E6BD7BE4A3E93 /* CommandInputView.swift in Sources */ = {isa = PBXBuildFile; fileRef = 8B22B375F12F0CFB861FF2D9 /* CommandInputView.swift */; };
		0E904D1C7D4200C3946080DC /* AudioRecorder.swift in Sources */ = {isa = PBXBuildFile; fileRef = 3280D56D2C4346301D69422E /* AudioRecorder.swift */; };
		1019F4F6F0AACD260A883E63 /* Session.swift in Sources */ = {isa = PBXBuildFile; fileRef = 0707C82C16BCE2061E6A3A7E /* Session.swift */; };
		17F40FFB0731F5143FD58303 /* AgentSessionDetailView.swift in Sources */ = {isa = PBXBuildFile; fileRef = B83A37312E737EFB7EBDB3D3 /* AgentSessionDetailView.swift */; };
		1ED751D2ABCAB6C3696D186D /* SessionManager.swift in Sources */ = {isa = PBXBuildFile; fileRef = B446D7DC218291750F26EDC6 /* SessionManager.swift */; };
		33ADF2D93BC0D64810FA654B /* AudioSessionHandler.swift in Sources */ = {isa = PBXBuildFile; fileRef = E4F0CD21F732C80869F81376 /* AudioSessionHandler.swift */; };
		38CE97793CDF3204748C7773 /* RecordingAttributes.swift in Sources */ = {isa = PBXBuildFile; fileRef = D650DFEE7C02176D018F0B14 /* RecordingAttributes.swift */; };
		3D676AA441A98CFFBD9B8898 /* RecordingAttributes.swift in Sources */ = {isa = PBXBuildFile; fileRef = D650DFEE7C02176D018F0B14 /* RecordingAttributes.swift */; };
		3EC20A35FC6586E4EA67EE58 /* Chunk.swift in Sources */ = {isa = PBXBuildFile; fileRef = F24DC61161718D9A40130B4B /* Chunk.swift */; };
		4124635DDAE717AA2B8F22BE /* LocationTracker.swift in Sources */ = {isa = PBXBuildFile; fileRef = 791141A6AD10AC5CD4F07F31 /* LocationTracker.swift */; };
		4F60DEA6669BDD4E804A6560 /* OrchestratorAPI.swift in Sources */ = {isa = PBXBuildFile; fileRef = CA0F936383052F1EE4A16347 /* OrchestratorAPI.swift */; };
		51D24605D58C173347DD72DA /* HarnessService.swift in Sources */ = {isa = PBXBuildFile; fileRef = 0C786B892A2C7ACD414C15B4 /* HarnessService.swift */; };
		529294B032FF8AA3B50F69C6 /* SonLifeLiveActivity.swift in Sources */ = {isa = PBXBuildFile; fileRef = E901EDE672F6DC7C032E42EC /* SonLifeLiveActivity.swift */; };
		558721A2213785C9A540B0C5 /* AgentDashboardView.swift in Sources */ = {isa = PBXBuildFile; fileRef = 57C1BD607266EB615AF4EDCF /* AgentDashboardView.swift */; };
		55948FA02AC8377ED5DC1411 /* Recording.swift in Sources */ = {isa = PBXBuildFile; fileRef = 00D76B16306DF166BC8BF867 /* Recording.swift */; };
		5E93ED3217066F669C995292 /* RecordingEngine.swift in Sources */ = {isa = PBXBuildFile; fileRef = 455AB03D2B94AA822BDA923C /* RecordingEngine.swift */; };
		6233DC78CA5DAC295338DC8E /* SessionListView.swift in Sources */ = {isa = PBXBuildFile; fileRef = 302D7BAD02239BFE95DA41A5 /* SessionListView.swift */; };
		759216A92DA3F69CD7AEB290 /* OrchestratorModels.swift in Sources */ = {isa = PBXBuildFile; fileRef = F0B11020DE21E3672FA8364B /* OrchestratorModels.swift */; };
		86D732EAD84A6B28111361DA /* SonlifeAppApp.swift in Sources */ = {isa = PBXBuildFile; fileRef = 23208DF6879E75D410F1BB90 /* SonlifeAppApp.swift */; };
		8DC6776F201DD4C5CE3F1753 /* SessionDetailView.swift in Sources */ = {isa = PBXBuildFile; fileRef = E6793E222635D42106BC5962 /* SessionDetailView.swift */; };
		A01C90CA879679BD2C4E4976 /* TaskInboxView.swift in Sources */ = {isa = PBXBuildFile; fileRef = D718BE03818C4F253C066849 /* TaskInboxView.swift */; };
		A204D2751F0F29F7FA916632 /* SonLifeWidgetBundle.swift in Sources */ = {isa = PBXBuildFile; fileRef = 43F81FC68E7598A35C8C7FAD /* SonLifeWidgetBundle.swift */; };
		A506B16BC7EC58473C56B5E6 /* ContentView.swift in Sources */ = {isa = PBXBuildFile; fileRef = DBF2D3242875E6D8B3B2B682 /* ContentView.swift */; };
		A6793520B5E5D42E4B57D55F /* VADMonitor.swift in Sources */ = {isa = PBXBuildFile; fileRef = 34A7C1D1FEBF929706E704C3 /* VADMonitor.swift */; };
		B3A43A5532CE0AC5F7B6D78F /* RecordingDetailView.swift in Sources */ = {isa = PBXBuildFile; fileRef = 3B901045F6314E749FB9EC43 /* RecordingDetailView.swift */; };
		BEF16C50CA5F79E576C2534E /* FeedbackView.swift in Sources */ = {isa = PBXBuildFile; fileRef = 50E5B886F37C125525E5494F /* FeedbackView.swift */; };
		C0145F94FC847B40A7856441 /* SettingsView.swift in Sources */ = {isa = PBXBuildFile; fileRef = 0C9FF92FC8160EDA69262158 /* SettingsView.swift */; };
		D64D25C37313E858CFDF77FA /* ApprovalSheetView.swift in Sources */ = {isa = PBXBuildFile; fileRef = 058E667057DEC875B2988207 /* ApprovalSheetView.swift */; };
		DBF84366AC020FC2485C409D /* SonLifeWidgetExtension.appex in Embed Foundation Extensions */ = {isa = PBXBuildFile; fileRef = 3700A2ABDB1FEBFB10085027 /* SonLifeWidgetExtension.appex */; settings = {ATTRIBUTES = (RemoveHeadersOnCopy, ); }; };
		EE72B5E5FF868BDB9986EAF2 /* AudioLevelMeterView.swift in Sources */ = {isa = PBXBuildFile; fileRef = 9F6A3D1C5F04C8FA6D76CB16 /* AudioLevelMeterView.swift */; };
		F3D8C4C21B7A085B96ECBD84 /* LifeLogControlView.swift in Sources */ = {isa = PBXBuildFile; fileRef = 3B1138EEC7185EE2E58E82A4 /* LifeLogControlView.swift */; };
		F856027FFED5D5E9C37E1E08 /* Assets.xcassets in Resources */ = {isa = PBXBuildFile; fileRef = FD4D02F58E925BDA8FA878D5 /* Assets.xcassets */; };
		F91EDFFFD97622BAA12A7B13 /* ChunkUploader.swift in Sources */ = {isa = PBXBuildFile; fileRef = 893BAC8D8B088C5A52B25EFA /* ChunkUploader.swift */; };
/* End PBXBuildFile section */

/* Begin PBXContainerItemProxy section */
		9F5D6A2CFF152E279569E4A7 /* PBXContainerItemProxy */ = {
			isa = PBXContainerItemProxy;
			containerPortal = 1CFF74ACA30D8B3F19620C70 /* Project object */;
			proxyType = 1;
			remoteGlobalIDString = A902A63259F343B5739A1F7A;
			remoteInfo = SonLifeWidgetExtension;
		};
/* End PBXContainerItemProxy section */

/* Begin PBXCopyFilesBuildPhase section */
		A7C0FBD73193A78A44A56E63 /* Embed Foundation Extensions */ = {
			isa = PBXCopyFilesBuildPhase;
			buildActionMask = 2147483647;
			dstPath = "";
			dstSubfolderSpec = 13;
			files = (
				DBF84366AC020FC2485C409D /* SonLifeWidgetExtension.appex in Embed Foundation Extensions */,
			);
			name = "Embed Foundation Extensions";
			runOnlyForDeploymentPostprocessing = 0;
		};
/* End PBXCopyFilesBuildPhase section */

/* Begin PBXFileReference section */
		00D76B16306DF166BC8BF867 /* Recording.swift */ = {isa = PBXFileReference; lastKnownFileType = sourcecode.swift; path = Recording.swift; sourceTree = "<group>"; };
		058E667057DEC875B2988207 /* ApprovalSheetView.swift */ = {isa = PBXFileReference; lastKnownFileType = sourcecode.swift; path = ApprovalSheetView.swift; sourceTree = "<group>"; };
		0707C82C16BCE2061E6A3A7E /* Session.swift */ = {isa = PBXFileReference; lastKnownFileType = sourcecode.swift; path = Session.swift; sourceTree = "<group>"; };
		0C0FE8065B0084985ABF09B7 /* FeedbackService.swift */ = {isa = PBXFileReference; lastKnownFileType = sourcecode.swift; path = FeedbackService.swift; sourceTree = "<group>"; };
		0C786B892A2C7ACD414C15B4 /* HarnessService.swift */ = {isa = PBXFileReference; lastKnownFileType = sourcecode.swift; path = HarnessService.swift; sourceTree = "<group>"; };
		0C9FF92FC8160EDA69262158 /* SettingsView.swift */ = {isa = PBXFileReference; lastKnownFileType = sourcecode.swift; path = SettingsView.swift; sourceTree = "<group>"; };
		23208DF6879E75D410F1BB90 /* SonlifeAppApp.swift */ = {isa = PBXFileReference; lastKnownFileType = sourcecode.swift; path = SonlifeAppApp.swift; sourceTree = "<group>"; };
		302D7BAD02239BFE95DA41A5 /* SessionListView.swift */ = {isa = PBXFileReference; lastKnownFileType = sourcecode.swift; path = SessionListView.swift; sourceTree = "<group>"; };
		3280D56D2C4346301D69422E /* AudioRecorder.swift */ = {isa = PBXFileReference; lastKnownFileType = sourcecode.swift; path = AudioRecorder.swift; sourceTree = "<group>"; };
		34A7C1D1FEBF929706E704C3 /* VADMonitor.swift */ = {isa = PBXFileReference; lastKnownFileType = sourcecode.swift; path = VADMonitor.swift; sourceTree = "<group>"; };
		3700A2ABDB1FEBFB10085027 /* SonLifeWidgetExtension.appex */ = {isa = PBXFileReference; explicitFileType = "wrapper.app-extension"; includeInIndex = 0; path = SonLifeWidgetExtension.appex; sourceTree = BUILT_PRODUCTS_DIR; };
		3B1138EEC7185EE2E58E82A4 /* LifeLogControlView.swift */ = {isa = PBXFileReference; lastKnownFileType = sourcecode.swift; path = LifeLogControlView.swift; sourceTree = "<group>"; };
		3B901045F6314E749FB9EC43 /* RecordingDetailView.swift */ = {isa = PBXFileReference; lastKnownFileType = sourcecode.swift; path = RecordingDetailView.swift; sourceTree = "<group>"; };
		43F81FC68E7598A35C8C7FAD /* SonLifeWidgetBundle.swift */ = {isa = PBXFileReference; lastKnownFileType = sourcecode.swift; path = SonLifeWidgetBundle.swift; sourceTree = "<group>"; };
		455AB03D2B94AA822BDA923C /* RecordingEngine.swift */ = {isa = PBXFileReference; lastKnownFileType = sourcecode.swift; path = RecordingEngine.swift; sourceTree = "<group>"; };
		50E5B886F37C125525E5494F /* FeedbackView.swift */ = {isa = PBXFileReference; lastKnownFileType = sourcecode.swift; path = FeedbackView.swift; sourceTree = "<group>"; };
		57C1BD607266EB615AF4EDCF /* AgentDashboardView.swift */ = {isa = PBXFileReference; lastKnownFileType = sourcecode.swift; path = AgentDashboardView.swift; sourceTree = "<group>"; };
		5C11E6D0FF4B113D6EFC45CA /* SonlifeApp.app */ = {isa = PBXFileReference; explicitFileType = wrapper.application; includeInIndex = 0; path = SonlifeApp.app; sourceTree = BUILT_PRODUCTS_DIR; };
		791141A6AD10AC5CD4F07F31 /* LocationTracker.swift */ = {isa = PBXFileReference; lastKnownFileType = sourcecode.swift; path = LocationTracker.swift; sourceTree = "<group>"; };
		893BAC8D8B088C5A52B25EFA /* ChunkUploader.swift */ = {isa = PBXFileReference; lastKnownFileType = sourcecode.swift; path = ChunkUploader.swift; sourceTree = "<group>"; };
		8B22B375F12F0CFB861FF2D9 /* CommandInputView.swift */ = {isa = PBXFileReference; lastKnownFileType = sourcecode.swift; path = CommandInputView.swift; sourceTree = "<group>"; };
		900F43CFDA48942DB97C02DC /* OrchestratorSessionHistoryView.swift */ = {isa = PBXFileReference; lastKnownFileType = sourcecode.swift; path = OrchestratorSessionHistoryView.swift; sourceTree = "<group>"; };
		9F6A3D1C5F04C8FA6D76CB16 /* AudioLevelMeterView.swift */ = {isa = PBXFileReference; lastKnownFileType = sourcecode.swift; path = AudioLevelMeterView.swift; sourceTree = "<group>"; };
		B436AC722A5923548F864CCF /* SonlifeApp.entitlements */ = {isa = PBXFileReference; lastKnownFileType = text.plist.entitlements; path = SonlifeApp.entitlements; sourceTree = "<group>"; };
		B446D7DC218291750F26EDC6 /* SessionManager.swift */ = {isa = PBXFileReference; lastKnownFileType = sourcecode.swift; path = SessionManager.swift; sourceTree = "<group>"; };
		B83A37312E737EFB7EBDB3D3 /* AgentSessionDetailView.swift */ = {isa = PBXFileReference; lastKnownFileType = sourcecode.swift; path = AgentSessionDetailView.swift; sourceTree = "<group>"; };
		CA0F936383052F1EE4A16347 /* OrchestratorAPI.swift */ = {isa = PBXFileReference; lastKnownFileType = sourcecode.swift; path = OrchestratorAPI.swift; sourceTree = "<group>"; };
		D650DFEE7C02176D018F0B14 /* RecordingAttributes.swift */ = {isa = PBXFileReference; lastKnownFileType = sourcecode.swift; path = RecordingAttributes.swift; sourceTree = "<group>"; };
		D718BE03818C4F253C066849 /* TaskInboxView.swift */ = {isa = PBXFileReference; lastKnownFileType = sourcecode.swift; path = TaskInboxView.swift; sourceTree = "<group>"; };
		DBF2D3242875E6D8B3B2B682 /* ContentView.swift */ = {isa = PBXFileReference; lastKnownFileType = sourcecode.swift; path = ContentView.swift; sourceTree = "<group>"; };
		E4F0CD21F732C80869F81376 /* AudioSessionHandler.swift */ = {isa = PBXFileReference; lastKnownFileType = sourcecode.swift; path = AudioSessionHandler.swift; sourceTree = "<group>"; };
		E6793E222635D42106BC5962 /* SessionDetailView.swift */ = {isa = PBXFileReference; lastKnownFileType = sourcecode.swift; path = SessionDetailView.swift; sourceTree = "<group>"; };
		E901EDE672F6DC7C032E42EC /* SonLifeLiveActivity.swift */ = {isa = PBXFileReference; lastKnownFileType = sourcecode.swift; path = SonLifeLiveActivity.swift; sourceTree = "<group>"; };
		F0B11020DE21E3672FA8364B /* OrchestratorModels.swift */ = {isa = PBXFileReference; lastKnownFileType = sourcecode.swift; path = OrchestratorModels.swift; sourceTree = "<group>"; };
		F24DC61161718D9A40130B4B /* Chunk.swift */ = {isa = PBXFileReference; lastKnownFileType = sourcecode.swift; path = Chunk.swift; sourceTree = "<group>"; };
		FD4D02F58E925BDA8FA878D5 /* Assets.xcassets */ = {isa = PBXFileReference; lastKnownFileType = folder.assetcatalog; path = Assets.xcassets; sourceTree = "<group>"; };
/* End PBXFileReference section */

/* Begin PBXGroup section */
		0F5E6640E60E227FB8BC00AF /* Models */ = {
			isa = PBXGroup;
			children = (
				F24DC61161718D9A40130B4B /* Chunk.swift */,
				F0B11020DE21E3672FA8364B /* OrchestratorModels.swift */,
				00D76B16306DF166BC8BF867 /* Recording.swift */,
				0707C82C16BCE2061E6A3A7E /* Session.swift */,
			);
			path = Models;
			sourceTree = "<group>";
		};
		3225AE8E4D95FB1E35C4C2D4 /* SonLifeWidget */ = {
			isa = PBXGroup;
			children = (
				E901EDE672F6DC7C032E42EC /* SonLifeLiveActivity.swift */,
				43F81FC68E7598A35C8C7FAD /* SonLifeWidgetBundle.swift */,
			);
			path = SonLifeWidget;
			sourceTree = "<group>";
		};
		51D6A5B05C95407230571E1C /* SonlifeApp */ = {
			isa = PBXGroup;
			children = (
				FD4D02F58E925BDA8FA878D5 /* Assets.xcassets */,
				3280D56D2C4346301D69422E /* AudioRecorder.swift */,
				DBF2D3242875E6D8B3B2B682 /* ContentView.swift */,
				B436AC722A5923548F864CCF /* SonlifeApp.entitlements */,
				23208DF6879E75D410F1BB90 /* SonlifeAppApp.swift */,
				7D346FA3116CEB31FBF6E676 /* Engine */,
				0F5E6640E60E227FB8BC00AF /* Models */,
				B70C6333B2B9CB6CF7660B81 /* Views */,
			);
			path = SonlifeApp;
			sourceTree = "<group>";
		};
		7D346FA3116CEB31FBF6E676 /* Engine */ = {
			isa = PBXGroup;
			children = (
				E4F0CD21F732C80869F81376 /* AudioSessionHandler.swift */,
				893BAC8D8B088C5A52B25EFA /* ChunkUploader.swift */,
				0C0FE8065B0084985ABF09B7 /* FeedbackService.swift */,
				0C786B892A2C7ACD414C15B4 /* HarnessService.swift */,
				791141A6AD10AC5CD4F07F31 /* LocationTracker.swift */,
				CA0F936383052F1EE4A16347 /* OrchestratorAPI.swift */,
				455AB03D2B94AA822BDA923C /* RecordingEngine.swift */,
				B446D7DC218291750F26EDC6 /* SessionManager.swift */,
				34A7C1D1FEBF929706E704C3 /* VADMonitor.swift */,
			);
			path = Engine;
			sourceTree = "<group>";
		};
		8C5E0BB617E5FCC2674C1204 /* Products */ = {
			isa = PBXGroup;
			children = (
				5C11E6D0FF4B113D6EFC45CA /* SonlifeApp.app */,
				3700A2ABDB1FEBFB10085027 /* SonLifeWidgetExtension.appex */,
			);
			name = Products;
			sourceTree = "<group>";
		};
		B40F9D34B42C2EC039B33B83 = {
			isa = PBXGroup;
			children = (
				D2A3D7A609EF6B58C62723F7 /* Shared */,
				51D6A5B05C95407230571E1C /* SonlifeApp */,
				3225AE8E4D95FB1E35C4C2D4 /* SonLifeWidget */,
				8C5E0BB617E5FCC2674C1204 /* Products */,
			);
			sourceTree = "<group>";
		};
		B70C6333B2B9CB6CF7660B81 /* Views */ = {
			isa = PBXGroup;
			children = (
				57C1BD607266EB615AF4EDCF /* AgentDashboardView.swift */,
				B83A37312E737EFB7EBDB3D3 /* AgentSessionDetailView.swift */,
				058E667057DEC875B2988207 /* ApprovalSheetView.swift */,
				9F6A3D1C5F04C8FA6D76CB16 /* AudioLevelMeterView.swift */,
				8B22B375F12F0CFB861FF2D9 /* CommandInputView.swift */,
				50E5B886F37C125525E5494F /* FeedbackView.swift */,
				3B1138EEC7185EE2E58E82A4 /* LifeLogControlView.swift */,
				900F43CFDA48942DB97C02DC /* OrchestratorSessionHistoryView.swift */,
				3B901045F6314E749FB9EC43 /* RecordingDetailView.swift */,
				E6793E222635D42106BC5962 /* SessionDetailView.swift */,
				302D7BAD02239BFE95DA41A5 /* SessionListView.swift */,
				0C9FF92FC8160EDA69262158 /* SettingsView.swift */,
				D718BE03818C4F253C066849 /* TaskInboxView.swift */,
			);
			path = Views;
			sourceTree = "<group>";
		};
		D2A3D7A609EF6B58C62723F7 /* Shared */ = {
			isa = PBXGroup;
			children = (
				D650DFEE7C02176D018F0B14 /* RecordingAttributes.swift */,
			);
			path = Shared;
			sourceTree = "<group>";
		};
/* End PBXGroup section */

/* Begin PBXNativeTarget section */
		005CC89A07342BD79A0E7F7B /* SonlifeApp */ = {
			isa = PBXNativeTarget;
			buildConfigurationList = 0E4F6BA23F041B97D46FF4B4 /* Build configuration list for PBXNativeTarget "SonlifeApp" */;
			buildPhases = (
				00AB8C119A49B72D1A719023 /* Sources */,
				A672790DAAB906EF56304FB8 /* Resources */,
				A7C0FBD73193A78A44A56E63 /* Embed Foundation Extensions */,
			);
			buildRules = (
			);
			dependencies = (
				38F895183C0C9D344F2FDE9C /* PBXTargetDependency */,
			);
			name = SonlifeApp;
			packageProductDependencies = (
			);
			productName = SonlifeApp;
			productReference = 5C11E6D0FF4B113D6EFC45CA /* SonlifeApp.app */;
			productType = "com.apple.product-type.application";
		};
		A902A63259F343B5739A1F7A /* SonLifeWidgetExtension */ = {
			isa = PBXNativeTarget;
			buildConfigurationList = FEF1846C9E968127E149E0AB /* Build configuration list for PBXNativeTarget "SonLifeWidgetExtension" */;
			buildPhases = (
				5ABF4E20B360D5F2E1B73904 /* Sources */,
			);
			buildRules = (
			);
			dependencies = (
			);
			name = SonLifeWidgetExtension;
			packageProductDependencies = (
			);
			productName = SonLifeWidgetExtension;
			productReference = 3700A2ABDB1FEBFB10085027 /* SonLifeWidgetExtension.appex */;
			productType = "com.apple.product-type.app-extension";
		};
/* End PBXNativeTarget section */

/* Begin PBXProject section */
		1CFF74ACA30D8B3F19620C70 /* Project object */ = {
			isa = PBXProject;
			attributes = {
				BuildIndependentTargetsInParallel = YES;
				LastUpgradeCheck = 1600;
				TargetAttributes = {
					005CC89A07342BD79A0E7F7B = {
						ProvisioningStyle = Automatic;
					};
					A902A63259F343B5739A1F7A = {
						ProvisioningStyle = Automatic;
					};
				};
			};
			buildConfigurationList = 8537F1A8E50F4AB7B7DBB71A /* Build configuration list for PBXProject "SonlifeApp" */;
			developmentRegion = en;
			hasScannedForEncodings = 0;
			knownRegions = (
				Base,
				en,
			);
			mainGroup = B40F9D34B42C2EC039B33B83;
			minimizedProjectReferenceProxies = 1;
			preferredProjectObjectVersion = 77;
			productRefGroup = 8C5E0BB617E5FCC2674C1204 /* Products */;
			projectDirPath = "";
			projectRoot = "";
			targets = (
				A902A63259F343B5739A1F7A /* SonLifeWidgetExtension */,
				005CC89A07342BD79A0E7F7B /* SonlifeApp */,
			);
		};
/* End PBXProject section */

/* Begin PBXResourcesBuildPhase section */
		A672790DAAB906EF56304FB8 /* Resources */ = {
			isa = PBXResourcesBuildPhase;
			buildActionMask = 2147483647;
			files = (
				F856027FFED5D5E9C37E1E08 /* Assets.xcassets in Resources */,
			);
			runOnlyForDeploymentPostprocessing = 0;
		};
/* End PBXResourcesBuildPhase section */

/* Begin PBXSourcesBuildPhase section */
		00AB8C119A49B72D1A719023 /* Sources */ = {
			isa = PBXSourcesBuildPhase;
			buildActionMask = 2147483647;
			files = (
				558721A2213785C9A540B0C5 /* AgentDashboardView.swift in Sources */,
				17F40FFB0731F5143FD58303 /* AgentSessionDetailView.swift in Sources */,
				D64D25C37313E858CFDF77FA /* ApprovalSheetView.swift in Sources */,
				EE72B5E5FF868BDB9986EAF2 /* AudioLevelMeterView.swift in Sources */,
				0E904D1C7D4200C3946080DC /* AudioRecorder.swift in Sources */,
				33ADF2D93BC0D64810FA654B /* AudioSessionHandler.swift in Sources */,
				3EC20A35FC6586E4EA67EE58 /* Chunk.swift in Sources */,
				F91EDFFFD97622BAA12A7B13 /* ChunkUploader.swift in Sources */,
				0CE8C2D5216E6BD7BE4A3E93 /* CommandInputView.swift in Sources */,
				A506B16BC7EC58473C56B5E6 /* ContentView.swift in Sources */,
				0AE7498ED86D53DC777F3A2A /* FeedbackService.swift in Sources */,
				BEF16C50CA5F79E576C2534E /* FeedbackView.swift in Sources */,
				51D24605D58C173347DD72DA /* HarnessService.swift in Sources */,
				F3D8C4C21B7A085B96ECBD84 /* LifeLogControlView.swift in Sources */,
				4124635DDAE717AA2B8F22BE /* LocationTracker.swift in Sources */,
				4F60DEA6669BDD4E804A6560 /* OrchestratorAPI.swift in Sources */,
				759216A92DA3F69CD7AEB290 /* OrchestratorModels.swift in Sources */,
				00C59C805972FF162FD898E4 /* OrchestratorSessionHistoryView.swift in Sources */,
				55948FA02AC8377ED5DC1411 /* Recording.swift in Sources */,
				3D676AA441A98CFFBD9B8898 /* RecordingAttributes.swift in Sources */,
				B3A43A5532CE0AC5F7B6D78F /* RecordingDetailView.swift in Sources */,
				5E93ED3217066F669C995292 /* RecordingEngine.swift in Sources */,
				1019F4F6F0AACD260A883E63 /* Session.swift in Sources */,
				8DC6776F201DD4C5CE3F1753 /* SessionDetailView.swift in Sources */,
				6233DC78CA5DAC295338DC8E /* SessionListView.swift in Sources */,
				1ED751D2ABCAB6C3696D186D /* SessionManager.swift in Sources */,
				C0145F94FC847B40A7856441 /* SettingsView.swift in Sources */,
				86D732EAD84A6B28111361DA /* SonlifeAppApp.swift in Sources */,
				A01C90CA879679BD2C4E4976 /* TaskInboxView.swift in Sources */,
				A6793520B5E5D42E4B57D55F /* VADMonitor.swift in Sources */,
			);
			runOnlyForDeploymentPostprocessing = 0;
		};
		5ABF4E20B360D5F2E1B73904 /* Sources */ = {
			isa = PBXSourcesBuildPhase;
			buildActionMask = 2147483647;
			files = (
				38CE97793CDF3204748C7773 /* RecordingAttributes.swift in Sources */,
				529294B032FF8AA3B50F69C6 /* SonLifeLiveActivity.swift in Sources */,
				A204D2751F0F29F7FA916632 /* SonLifeWidgetBundle.swift in Sources */,
			);
			runOnlyForDeploymentPostprocessing = 0;
		};
/* End PBXSourcesBuildPhase section */

/* Begin PBXTargetDependency section */
		38F895183C0C9D344F2FDE9C /* PBXTargetDependency */ = {
			isa = PBXTargetDependency;
			target = A902A63259F343B5739A1F7A /* SonLifeWidgetExtension */;
			targetProxy = 9F5D6A2CFF152E279569E4A7 /* PBXContainerItemProxy */;
		};
/* End PBXTargetDependency section */

/* Begin XCBuildConfiguration section */
		1382C53836797C9A41207011 /* Debug */ = {
			isa = XCBuildConfiguration;
			buildSettings = {
				CODE_SIGN_ENTITLEMENTS = SonlifeApp/SonlifeApp.entitlements;
				CODE_SIGN_STYLE = Automatic;
				CURRENT_PROJECT_VERSION = 1;
				DEVELOPMENT_TEAM = ASPD4J464Z;
				GENERATE_INFOPLIST_FILE = NO;
				INFOPLIST_FILE = SonLifeWidget/Info.plist;
				LD_RUNPATH_SEARCH_PATHS = (
					"$(inherited)",
					"@executable_path/Frameworks",
					"@executable_path/../../Frameworks",
				);
				MARKETING_VERSION = 1.0.0;
				PRODUCT_BUNDLE_IDENTIFIER = com.sonaiengine.sonlifeapp.widget;
				SDKROOT = iphoneos;
				SWIFT_VERSION = 5.9;
				TARGETED_DEVICE_FAMILY = "1,2";
			};
			name = Debug;
		};
		36B2530EB6C8F8FBBCD34843 /* Release */ = {
			isa = XCBuildConfiguration;
			buildSettings = {
				ALWAYS_SEARCH_USER_PATHS = NO;
				CLANG_ANALYZER_NONNULL = YES;
				CLANG_ANALYZER_NUMBER_OBJECT_CONVERSION = YES_AGGRESSIVE;
				CLANG_CXX_LANGUAGE_STANDARD = "gnu++14";
				CLANG_CXX_LIBRARY = "libc++";
				CLANG_ENABLE_MODULES = YES;
				CLANG_ENABLE_OBJC_ARC = YES;
				CLANG_ENABLE_OBJC_WEAK = YES;
				CLANG_WARN_BLOCK_CAPTURE_AUTORELEASING = YES;
				CLANG_WARN_BOOL_CONVERSION = YES;
				CLANG_WARN_COMMA = YES;
				CLANG_WARN_CONSTANT_CONVERSION = YES;
				CLANG_WARN_DEPRECATED_OBJC_IMPLEMENTATIONS = YES;
				CLANG_WARN_DIRECT_OBJC_ISA_USAGE = YES_ERROR;
				CLANG_WARN_DOCUMENTATION_COMMENTS = YES;
				CLANG_WARN_EMPTY_BODY = YES;
				CLANG_WARN_ENUM_CONVERSION = YES;
				CLANG_WARN_INFINITE_RECURSION = YES;
				CLANG_WARN_INT_CONVERSION = YES;
				CLANG_WARN_NON_LITERAL_NULL_CONVERSION = YES;
				CLANG_WARN_OBJC_IMPLICIT_RETAIN_SELF = YES;
				CLANG_WARN_OBJC_LITERAL_CONVERSION = YES;
				CLANG_WARN_OBJC_ROOT_CLASS = YES_ERROR;
				CLANG_WARN_QUOTED_INCLUDE_IN_FRAMEWORK_HEADER = YES;
				CLANG_WARN_RANGE_LOOP_ANALYSIS = YES;
				CLANG_WARN_STRICT_PROTOTYPES = YES;
				CLANG_WARN_SUSPICIOUS_MOVE = YES;
				CLANG_WARN_UNGUARDED_AVAILABILITY = YES_AGGRESSIVE;
				CLANG_WARN_UNREACHABLE_CODE = YES;
				CLANG_WARN__DUPLICATE_METHOD_MATCH = YES;
				COPY_PHASE_STRIP = NO;
				DEBUG_INFORMATION_FORMAT = "dwarf-with-dsym";
				ENABLE_NS_ASSERTIONS = NO;
				ENABLE_STRICT_OBJC_MSGSEND = YES;
				GCC_C_LANGUAGE_STANDARD = gnu11;
				GCC_NO_COMMON_BLOCKS = YES;
				GCC_WARN_64_TO_32_BIT_CONVERSION = YES;
				GCC_WARN_ABOUT_RETURN_TYPE = YES_ERROR;
				GCC_WARN_UNDECLARED_SELECTOR = YES;
				GCC_WARN_UNINITIALIZED_AUTOS = YES_AGGRESSIVE;
				GCC_WARN_UNUSED_FUNCTION = YES;
				GCC_WARN_UNUSED_VARIABLE = YES;
				IPHONEOS_DEPLOYMENT_TARGET = 17.0;
				MTL_ENABLE_DEBUG_INFO = NO;
				MTL_FAST_MATH = YES;
				PRODUCT_NAME = "$(TARGET_NAME)";
				SDKROOT = iphoneos;
				SWIFT_COMPILATION_MODE = wholemodule;
				SWIFT_OPTIMIZATION_LEVEL = "-O";
				SWIFT_VERSION = 5.0;
			};
			name = Release;
		};
		3DF8913B764D782627E7881C /* Release */ = {
			isa = XCBuildConfiguration;
			buildSettings = {
				CODE_SIGN_ENTITLEMENTS = SonlifeApp/SonlifeApp.entitlements;
				CODE_SIGN_STYLE = Automatic;
				CURRENT_PROJECT_VERSION = 1;
				DEVELOPMENT_TEAM = ASPD4J464Z;
				GENERATE_INFOPLIST_FILE = NO;
				INFOPLIST_FILE = SonLifeWidget/Info.plist;
				LD_RUNPATH_SEARCH_PATHS = (
					"$(inherited)",
					"@executable_path/Frameworks",
					"@executable_path/../../Frameworks",
				);
				MARKETING_VERSION = 1.0.0;
				PRODUCT_BUNDLE_IDENTIFIER = com.sonaiengine.sonlifeapp.widget;
				SDKROOT = iphoneos;
				SWIFT_VERSION = 5.9;
				TARGETED_DEVICE_FAMILY = "1,2";
			};
			name = Release;
		};
		B90D24B6E5A31224EAC37BAD /* Debug */ = {
			isa = XCBuildConfiguration;
			buildSettings = {
				ASSETCATALOG_COMPILER_APPICON_NAME = AppIcon;
				CODE_SIGN_ENTITLEMENTS = SonlifeApp/SonlifeApp.entitlements;
				CODE_SIGN_IDENTITY = "iPhone Developer";
				CODE_SIGN_STYLE = Automatic;
				CURRENT_PROJECT_VERSION = 1;
				DEVELOPMENT_TEAM = ASPD4J464Z;
				GENERATE_INFOPLIST_FILE = NO;
				INFOPLIST_FILE = SonlifeApp/Info.plist;
				INFOPLIST_KEY_LSSupportsOpeningDocumentsInPlace = YES;
				INFOPLIST_KEY_NSMicrophoneUsageDescription = "녹음을 위해 마이크 접근이 필요합니다.";
				INFOPLIST_KEY_NSSpeechRecognitionUsageDescription = "음성을 텍스트로 변환하기 위해 음성 인식 접근이 필요합니다.";
				INFOPLIST_KEY_UIBackgroundModes = "audio remote-notification";
				INFOPLIST_KEY_UILaunchScreen_Generation = YES;
				INFOPLIST_KEY_UISupportedInterfaceOrientations = "UIInterfaceOrientationPortrait UIInterfaceOrientationLandscapeLeft UIInterfaceOrientationLandscapeRight";
				INFOPLIST_KEY_UISupportedInterfaceOrientations_iPad = "UIInterfaceOrientationPortrait UIInterfaceOrientationPortraitUpsideDown UIInterfaceOrientationLandscapeLeft UIInterfaceOrientationLandscapeRight";
				INFOPLIST_KEY_UISupportsDocumentBrowser = YES;
				LD_RUNPATH_SEARCH_PATHS = (
					"$(inherited)",
					"@executable_path/Frameworks",
				);
				MARKETING_VERSION = 1.0.0;
				PRODUCT_BUNDLE_IDENTIFIER = com.sonaiengine.sonlifeapp;
				SDKROOT = iphoneos;
				SWIFT_VERSION = 5.9;
				TARGETED_DEVICE_FAMILY = "1,2";
			};
			name = Debug;
		};
		CE243AF0816F910861BBDD5C /* Release */ = {
			isa = XCBuildConfiguration;
			buildSettings = {
				ASSETCATALOG_COMPILER_APPICON_NAME = AppIcon;
				CODE_SIGN_ENTITLEMENTS = SonlifeApp/SonlifeApp.entitlements;
				CODE_SIGN_IDENTITY = "iPhone Developer";
				CODE_SIGN_STYLE = Automatic;
				CURRENT_PROJECT_VERSION = 1;
				DEVELOPMENT_TEAM = ASPD4J464Z;
				GENERATE_INFOPLIST_FILE = NO;
				INFOPLIST_FILE = SonlifeApp/Info.plist;
				INFOPLIST_KEY_LSSupportsOpeningDocumentsInPlace = YES;
				INFOPLIST_KEY_NSMicrophoneUsageDescription = "녹음을 위해 마이크 접근이 필요합니다.";
				INFOPLIST_KEY_NSSpeechRecognitionUsageDescription = "음성을 텍스트로 변환하기 위해 음성 인식 접근이 필요합니다.";
				INFOPLIST_KEY_UIBackgroundModes = "audio remote-notification";
				INFOPLIST_KEY_UILaunchScreen_Generation = YES;
				INFOPLIST_KEY_UISupportedInterfaceOrientations = "UIInterfaceOrientationPortrait UIInterfaceOrientationLandscapeLeft UIInterfaceOrientationLandscapeRight";
				INFOPLIST_KEY_UISupportedInterfaceOrientations_iPad = "UIInterfaceOrientationPortrait UIInterfaceOrientationPortraitUpsideDown UIInterfaceOrientationLandscapeLeft UIInterfaceOrientationLandscapeRight";
				INFOPLIST_KEY_UISupportsDocumentBrowser = YES;
				LD_RUNPATH_SEARCH_PATHS = (
					"$(inherited)",
					"@executable_path/Frameworks",
				);
				MARKETING_VERSION = 1.0.0;
				PRODUCT_BUNDLE_IDENTIFIER = com.sonaiengine.sonlifeapp;
				SDKROOT = iphoneos;
				SWIFT_VERSION = 5.9;
				TARGETED_DEVICE_FAMILY = "1,2";
			};
			name = Release;
		};
		E224692C6993ACE41F1502EB /* Debug */ = {
			isa = XCBuildConfiguration;
			buildSettings = {
				ALWAYS_SEARCH_USER_PATHS = NO;
				CLANG_ANALYZER_NONNULL = YES;
				CLANG_ANALYZER_NUMBER_OBJECT_CONVERSION = YES_AGGRESSIVE;
				CLANG_CXX_LANGUAGE_STANDARD = "gnu++14";
				CLANG_CXX_LIBRARY = "libc++";
				CLANG_ENABLE_MODULES = YES;
				CLANG_ENABLE_OBJC_ARC = YES;
				CLANG_ENABLE_OBJC_WEAK = YES;
				CLANG_WARN_BLOCK_CAPTURE_AUTORELEASING = YES;
				CLANG_WARN_BOOL_CONVERSION = YES;
				CLANG_WARN_COMMA = YES;
				CLANG_WARN_CONSTANT_CONVERSION = YES;
				CLANG_WARN_DEPRECATED_OBJC_IMPLEMENTATIONS = YES;
				CLANG_WARN_DIRECT_OBJC_ISA_USAGE = YES_ERROR;
				CLANG_WARN_DOCUMENTATION_COMMENTS = YES;
				CLANG_WARN_EMPTY_BODY = YES;
				CLANG_WARN_ENUM_CONVERSION = YES;
				CLANG_WARN_INFINITE_RECURSION = YES;
				CLANG_WARN_INT_CONVERSION = YES;
				CLANG_WARN_NON_LITERAL_NULL_CONVERSION = YES;
				CLANG_WARN_OBJC_IMPLICIT_RETAIN_SELF = YES;
				CLANG_WARN_OBJC_LITERAL_CONVERSION = YES;
				CLANG_WARN_OBJC_ROOT_CLASS = YES_ERROR;
				CLANG_WARN_QUOTED_INCLUDE_IN_FRAMEWORK_HEADER = YES;
				CLANG_WARN_RANGE_LOOP_ANALYSIS = YES;
				CLANG_WARN_STRICT_PROTOTYPES = YES;
				CLANG_WARN_SUSPICIOUS_MOVE = YES;
				CLANG_WARN_UNGUARDED_AVAILABILITY = YES_AGGRESSIVE;
				CLANG_WARN_UNREACHABLE_CODE = YES;
				CLANG_WARN__DUPLICATE_METHOD_MATCH = YES;
				COPY_PHASE_STRIP = NO;
				DEBUG_INFORMATION_FORMAT = dwarf;
				ENABLE_STRICT_OBJC_MSGSEND = YES;
				ENABLE_TESTABILITY = YES;
				GCC_C_LANGUAGE_STANDARD = gnu11;
				GCC_DYNAMIC_NO_PIC = NO;
				GCC_NO_COMMON_BLOCKS = YES;
				GCC_OPTIMIZATION_LEVEL = 0;
				GCC_PREPROCESSOR_DEFINITIONS = (
					"$(inherited)",
					"DEBUG=1",
				);
				GCC_WARN_64_TO_32_BIT_CONVERSION = YES;
				GCC_WARN_ABOUT_RETURN_TYPE = YES_ERROR;
				GCC_WARN_UNDECLARED_SELECTOR = YES;
				GCC_WARN_UNINITIALIZED_AUTOS = YES_AGGRESSIVE;
				GCC_WARN_UNUSED_FUNCTION = YES;
				GCC_WARN_UNUSED_VARIABLE = YES;
				IPHONEOS_DEPLOYMENT_TARGET = 17.0;
				MTL_ENABLE_DEBUG_INFO = INCLUDE_SOURCE;
				MTL_FAST_MATH = YES;
				ONLY_ACTIVE_ARCH = YES;
				PRODUCT_NAME = "$(TARGET_NAME)";
				SDKROOT = iphoneos;
				SWIFT_ACTIVE_COMPILATION_CONDITIONS = DEBUG;
				SWIFT_OPTIMIZATION_LEVEL = "-Onone";
				SWIFT_VERSION = 5.0;
			};
			name = Debug;
		};
/* End XCBuildConfiguration section */

/* Begin XCConfigurationList section */
		0E4F6BA23F041B97D46FF4B4 /* Build configuration list for PBXNativeTarget "SonlifeApp" */ = {
			isa = XCConfigurationList;
			buildConfigurations = (
				B90D24B6E5A31224EAC37BAD /* Debug */,
				CE243AF0816F910861BBDD5C /* Release */,
			);
			defaultConfigurationIsVisible = 0;
			defaultConfigurationName = Debug;
		};
		8537F1A8E50F4AB7B7DBB71A /* Build configuration list for PBXProject "SonlifeApp" */ = {
			isa = XCConfigurationList;
			buildConfigurations = (
				E224692C6993ACE41F1502EB /* Debug */,
				36B2530EB6C8F8FBBCD34843 /* Release */,
			);
			defaultConfigurationIsVisible = 0;
			defaultConfigurationName = Debug;
		};
		FEF1846C9E968127E149E0AB /* Build configuration list for PBXNativeTarget "SonLifeWidgetExtension" */ = {
			isa = XCConfigurationList;
			buildConfigurations = (
				1382C53836797C9A41207011 /* Debug */,
				3DF8913B764D782627E7881C /* Release */,
			);
			defaultConfigurationIsVisible = 0;
			defaultConfigurationName = Debug;
		};
/* End XCConfigurationList section */
	};
	rootObject = 1CFF74ACA30D8B3F19620C70 /* Project object */;
}
